<?xml version="1.0" encoding="utf-8"?>
<Project ToolsVersion="4.0" xmlns="http://schemas.microsoft.com/developer/msbuild/2003">
  <ItemGroup>
    <Filter Include="源文件">
      <UniqueIdentifier>{4FC737F1-C7A5-4376-A066-2A32D752A2FF}</UniqueIdentifier>
      <Extensions>cpp;c;cc;cxx;def;odl;idl;hpj;bat;asm;asmx</Extensions>
    </Filter>
    <Filter Include="头文件">
      <UniqueIdentifier>{93995380-89BD-4b04-88EB-625FBE52EBFB}</UniqueIdentifier>
      <Extensions>h;hpp;hxx;hm;inl;inc;xsd</Extensions>
    </Filter>
    <Filter Include="资源文件">
      <UniqueIdentifier>{67DA6AB6-F800-4c08-8B7A-83BB121AAD01}</UniqueIdentifier>
      <Extensions>rc;ico;cur;bmp;dlg;rc2;rct;bin;rgs;gif;jpg;jpeg;jpe;resx;tiff;tif;png;wav</Extensions>
    </Filter>
  </ItemGroup>
  <ItemGroup>
    <ClCompile Include="HiResTimer.cpp">
      <Filter>源文件</Filter>
    </ClCompile>
    <ClCompile Include="..\pwwhashforlinux\pwwhash\main.cpp">
      <Filter>源文件</Filter>
    </ClCompile>
    <ClCompile Include="stdafx.cpp">
      <Filter>源文件</Filter>
    </ClCompile>
    <ClCompile Include="..\threadLib\ResLock.cpp">
      <Filter>源文件</Filter>
    </ClCompile>
    <ClCompile Include="..\threadLib\Thread.cpp">
      <Filter>源文件</Filter>
    </ClCompile>
    <ClCompile Include="..\threadLib\ThreadMgr.cpp">
      <Filter>源文件</Filter>
    </ClCompile>
  </ItemGroup>
  <ItemGroup>
    <None Include="..\pwwHashLib\PwwHashMem.inl">
      <Filter>源文件</Filter>
    </None>
    <None Include="..\pwwHashLib\PwwMap.inl">
      <Filter>源文件</Filter>
    </None>
    <None Include="..\pwwHashLib\PwwStrMap.inl">
      <Filter>源文件</Filter>
    </None>
    <None Include="..\pwwHashLib\safePwwStrMap.inl">
      <Filter>源文件</Filter>
    </None>
    <None Include="..\pwwHashLib\safePwwMap.inl">
      <Filter>源文件</Filter>
    </None>
  </ItemGroup>
  <ItemGroup>
    <ClInclude Include="Common.h">
      <Filter>头文件</Filter>
    </ClInclude>
    <ClInclude Include="HiResTimer.h">
      <Filter>头文件</Filter>
    </ClInclude>
    <ClInclude Include="..\pwwHashLib\PwwHash.h">
      <Filter>头文件</Filter>
    </ClInclude>
    <ClInclude Include="..\pwwHashLib\PwwHashMem.h">
      <Filter>头文件</Filter>
    </ClInclude>
    <ClInclude Include="..\pwwHashLib\PwwMap.h">
      <Filter>头文件</Filter>
    </ClInclude>
    <ClInclude Include="..\pwwHashLib\PwwStrMap.h">
      <Filter>头文件</Filter>
    </ClInclude>
    <ClInclude Include="stdafx.h">
      <Filter>头文件</Filter>
    </ClInclude>
    <ClInclude Include="targetver.h">
      <Filter>头文件</Filter>
    </ClInclude>
    <ClInclude Include="..\pwwHashLib\safePwwMap.h">
      <Filter>头文件</Filter>
    </ClInclude>
    <ClInclude Include="..\pwwHashLib\safePwwStrMap.h">
      <Filter>头文件</Filter>
    </ClInclude>
    <ClInclude Include="..\threadLib\General.hpp">
      <Filter>头文件</Filter>
    </ClInclude>
    <ClInclude Include="..\threadLib\ResLock.hpp">
      <Filter>头文件</Filter>
    </ClInclude>
    <ClInclude Include="..\threadLib\Thread.hpp">
      <Filter>头文件</Filter>
    </ClInclude>
    <ClInclude Include="..\threadLib\ThreadMgr.hpp">
      <Filter>头文件</Filter>
    </ClInclude>
  </ItemGroup>
  <ItemGroup>
    <Text Include="ReadMe.txt" />
  </ItemGroup>
</Project>